hash: dfdf2ffd0a6fd428431d6a2845b312d910c03b396a5824170c09221b7dcbbc0f
updated: 2016-07-04T12:58:04.658932509+07:00
imports:
- name: github.com/gorilla/context
  version: aed02d124ae4a0e94fea4541c8effd05bf0c8296
- name: github.com/gorilla/mux
  version: 9fa818a44c2bf1396a17f9d5a3c0f6dd39d2ff8e
devImports: []
